
Microsoft Visual Studio Solution File, Format Version 12.00
# Visual Studio Version 16
VisualStudioVersion = 16.0.30011.22
MinimumVisualStudioVersion = 10.0.40219.1
Project("{FAE04EC0-301F-11D3-BF4B-00C04F79EFBC}") = "Juego_Ahorcado", "Juego_Ahorcado.csproj", "{C479D728-9AB4-48EA-B006-D2654AAE321C}"
EndProject
Global
	GlobalSection(SolutionConfigurationPlatforms) = preSolution
		Debug|Any CPU = Debug|Any CPU
		Release|Any CPU = Release|Any CPU
	EndGlobalSection
	GlobalSection(ProjectConfigurationPlatforms) = postSolution
		{C479D728-9AB4-48EA-B006-D2654AAE321C}.Debug|Any CPU.ActiveCfg = Debug|Any CPU
		{C479D728-9AB4-48EA-B006-D2654AAE321C}.Debug|Any CPU.Build.0 = Debug|Any CPU
		{C479D728-9AB4-48EA-B006-D2654AAE321C}.Release|Any CPU.ActiveCfg = Release|Any CPU
		{C479D728-9AB4-48EA-B006-D2654AAE321C}.Release|Any CPU.Build.0 = Release|Any CPU
	EndGlobalSection
	GlobalSection(SolutionProperties) = preSolution
		HideSolutionNode = FALSE
	EndGlobalSection
	GlobalSection(ExtensibilityGlobals) = postSolution
		SolutionGuid = {85AEAC17-E7FF-4E4F-802F-50028B0C4951}
	EndGlobalSection
EndGlobal
